// !$*UTF8*$!
{
	archiveVersion = 1;
	classes = {
	};
	objectVersion = 46;
	objects = {

/* Begin PBXBuildFile section */
		7A6E89AA1F02AC6700669ADC /* StickerPackExtension.appex in Embed App Extensions */ = {isa = PBXBuildFile; fileRef = 7A6E89A91F02AC6700669ADC /* StickerPackExtension.appex */; settings = {ATTRIBUTES = (RemoveHeadersOnCopy, ); }; };
		7A6E89AE1F02AC6700669ADC /* Stickers.xcstickers in Resources */ = {isa = PBXBuildFile; fileRef = 7A6E89AD1F02AC6700669ADC /* Stickers.xcstickers */; };
		7A6E89AF1F02AC6700669ADC /* Stickers.xcstickers in Resources */ = {isa = PBXBuildFile; fileRef = 7A6E89AD1F02AC6700669ADC /* Stickers.xcstickers */; };
/* End PBXBuildFile section */

/* Begin PBXContainerItemProxy section */
		7A6E89AB1F02AC6700669ADC /* PBXContainerItemProxy */ = {
			isa = PBXContainerItemProxy;
			containerPortal = 7A6E899F1F02AC6700669ADC /* Project object */;
			proxyType = 1;
			remoteGlobalIDString = 7A6E89A81F02AC6700669ADC;
			remoteInfo = StickerPackExtension;
		};
/* End PBXContainerItemProxy section */

/* Begin PBXCopyFilesBuildPhase section */
		7A6E89B51F02AC6700669ADC /* Embed App Extensions */ = {
			isa = PBXCopyFilesBuildPhase;
			buildActionMask = 2147483647;
			dstPath = "";
			dstSubfolderSpec = 13;
			files = (
				7A6E89AA1F02AC6700669ADC /* StickerPackExtension.appex in Embed App Extensions */,
			);
			name = "Embed App Extensions";
			runOnlyForDeploymentPostprocessing = 0;
		};
/* End PBXCopyFilesBuildPhase section */

/* Begin PBXFileReference section */
		7A6E89A51F02AC6700669ADC /* iOS-StickerPack.app */ = {isa = PBXFileReference; explicitFileType = wrapper.application; includeInIndex = 0; path = "iOS-StickerPack.app"; sourceTree = BUILT_PRODUCTS_DIR; };
		7A6E89A91F02AC6700669ADC /* StickerPackExtension.appex */ = {isa = PBXFileReference; explicitFileType = "wrapper.app-extension"; includeInIndex = 0; path = StickerPackExtension.appex; sourceTree = BUILT_PRODUCTS_DIR; };
		7A6E89AD1F02AC6700669ADC /* Stickers.xcstickers */ = {isa = PBXFileReference; lastKnownFileType = folder.stickers; name = Stickers.xcstickers; path = StickerPackExtension/Stickers.xcstickers; sourceTree = "<group>"; };
/* End PBXFileReference section */

/* Begin PBXGroup section */
		7A6E899E1F02AC6700669ADC = {
			isa = PBXGroup;
			children = (
				7A6E89AD1F02AC6700669ADC /* Stickers.xcstickers */,
				7A6E89A61F02AC6700669ADC /* Products */,
			);
			sourceTree = "<group>";
		};
		7A6E89A61F02AC6700669ADC /* Products */ = {
			isa = PBXGroup;
			children = (
				7A6E89A51F02AC6700669ADC /* iOS-StickerPack.app */,
				7A6E89A91F02AC6700669ADC /* StickerPackExtension.appex */,
			);
			name = Products;
			sourceTree = "<group>";
		};
/* End PBXGroup section */

/* Begin PBXNativeTarget section */
		7A6E89A41F02AC6700669ADC /* iOS-StickerPack */ = {
			isa = PBXNativeTarget;
			buildConfigurationList = 7A6E89B61F02AC6700669ADC /* Build configuration list for PBXNativeTarget "iOS-StickerPack" */;
			buildPhases = (
				7A6E89A31F02AC6700669ADC /* Resources */,
				7A6E89B51F02AC6700669ADC /* Embed App Extensions */,
			);
			buildRules = (
			);
			dependencies = (
				7A6E89AC1F02AC6700669ADC /* PBXTargetDependency */,
			);
			name = "iOS-StickerPack";
			productName = "iOS-StickerPack";
			productReference = 7A6E89A51F02AC6700669ADC /* iOS-StickerPack.app */;
			productType = "com.apple.product-type.application.messages";
		};
		7A6E89A81F02AC6700669ADC /* StickerPackExtension */ = {
			isa = PBXNativeTarget;
			buildConfigurationList = 7A6E89B21F02AC6700669ADC /* Build configuration list for PBXNativeTarget "StickerPackExtension" */;
			buildPhases = (
				7A6E89A71F02AC6700669ADC /* Resources */,
			);
			buildRules = (
			);
			dependencies = (
			);
			name = StickerPackExtension;
			productName = StickerPackExtension;
			productReference = 7A6E89A91F02AC6700669ADC /* StickerPackExtension.appex */;
			productType = "com.apple.product-type.app-extension.messages-sticker-pack";
		};
/* End PBXNativeTarget section */

/* Begin PBXProject section */
		7A6E899F1F02AC6700669ADC /* Project object */ = {
			isa = PBXProject;
			attributes = {
				LastUpgradeCheck = 0830;
				ORGANIZATIONNAME = "Naveen Naidu ";
				TargetAttributes = {
					7A6E89A41F02AC6700669ADC = {
						CreatedOnToolsVersion = 8.3;
						DevelopmentTeam = LR48R4SFC7;
						ProvisioningStyle = Automatic;
					};
					7A6E89A81F02AC6700669ADC = {
						CreatedOnToolsVersion = 8.3;
						DevelopmentTeam = LR48R4SFC7;
						ProvisioningStyle = Automatic;
					};
				};
			};
			buildConfigurationList = 7A6E89A21F02AC6700669ADC /* Build configuration list for PBXProject "iOS-StickerPack" */;
			compatibilityVersion = "Xcode 3.2";
			developmentRegion = English;
			hasScannedForEncodings = 0;
			knownRegions = (
				en,
			);
			mainGroup = 7A6E899E1F02AC6700669ADC;
			productRefGroup = 7A6E89A61F02AC6700669ADC /* Products */;
			projectDirPath = "";
			projectRoot = "";
			targets = (
				7A6E89A41F02AC6700669ADC /* iOS-StickerPack */,
				7A6E89A81F02AC6700669ADC /* StickerPackExtension */,
			);
		};
/* End PBXProject section */

/* Begin PBXResourcesBuildPhase section */
		7A6E89A31F02AC6700669ADC /* Resources */ = {
			isa = PBXResourcesBuildPhase;
			buildActionMask = 2147483647;
			files = (
				7A6E89AF1F02AC6700669ADC /* Stickers.xcstickers in Resources */,
			);
			runOnlyForDeploymentPostprocessing = 0;
		};
		7A6E89A71F02AC6700669ADC /* Resources */ = {
			isa = PBXResourcesBuildPhase;
			buildActionMask = 2147483647;
			files = (
				7A6E89AE1F02AC6700669ADC /* Stickers.xcstickers in Resources */,
			);
			runOnlyForDeploymentPostprocessing = 0;
		};
/* End PBXResourcesBuildPhase section */

/* Begin PBXTargetDependency section */
		7A6E89AC1F02AC6700669ADC /* PBXTargetDependency */ = {
			isa = PBXTargetDependency;
			target = 7A6E89A81F02AC6700669ADC /* StickerPackExtension */;
			targetProxy = 7A6E89AB1F02AC6700669ADC /* PBXContainerItemProxy */;
		};
/* End PBXTargetDependency section */

/* Begin XCBuildConfiguration section */
		7A6E89B01F02AC6700669ADC /* Debug */ = {
			isa = XCBuildConfiguration;
			buildSettings = {
				ALWAYS_SEARCH_USER_PATHS = NO;
				CLANG_ANALYZER_NONNULL = YES;
				CLANG_ANALYZER_NUMBER_OBJECT_CONVERSION = YES_AGGRESSIVE;
				CLANG_CXX_LANGUAGE_STANDARD = "gnu++0x";
				CLANG_CXX_LIBRARY = "libc++";
				CLANG_ENABLE_MODULES = YES;
				CLANG_ENABLE_OBJC_ARC = YES;
				CLANG_WARN_BOOL_CONVERSION = YES;
				CLANG_WARN_CONSTANT_CONVERSION = YES;
				CLANG_WARN_DIRECT_OBJC_ISA_USAGE = YES_ERROR;
				CLANG_WARN_DOCUMENTATION_COMMENTS = YES;
				CLANG_WARN_EMPTY_BODY = YES;
				CLANG_WARN_ENUM_CONVERSION = YES;
				CLANG_WARN_INFINITE_RECURSION = YES;
				CLANG_WARN_INT_CONVERSION = YES;
				CLANG_WARN_OBJC_ROOT_CLASS = YES_ERROR;
				CLANG_WARN_SUSPICIOUS_MOVE = YES;
				CLANG_WARN_UNREACHABLE_CODE = YES;
				CLANG_WARN__DUPLICATE_METHOD_MATCH = YES;
				"CODE_SIGN_IDENTITY[sdk=iphoneos*]" = "iPhone Developer";
				COPY_PHASE_STRIP = NO;
				DEBUG_INFORMATION_FORMAT = dwarf;
				ENABLE_STRICT_OBJC_MSGSEND = YES;
				ENABLE_TESTABILITY = YES;
				GCC_C_LANGUAGE_STANDARD = gnu99;
				GCC_DYNAMIC_NO_PIC = NO;
				GCC_NO_COMMON_BLOCKS = YES;
				GCC_OPTIMIZATION_LEVEL = 0;
				GCC_PREPROCESSOR_DEFINITIONS = (
					"DEBUG=1",
					"$(inherited)",
				);
				GCC_WARN_64_TO_32_BIT_CONVERSION = YES;
				GCC_WARN_ABOUT_RETURN_TYPE = YES_ERROR;
				GCC_WARN_UNDECLARED_SELECTOR = YES;
				GCC_WARN_UNINITIALIZED_AUTOS = YES_AGGRESSIVE;
				GCC_WARN_UNUSED_FUNCTION = YES;
				GCC_WARN_UNUSED_VARIABLE = YES;
				IPHONEOS_DEPLOYMENT_TARGET = 10.3;
				MTL_ENABLE_DEBUG_INFO = YES;
				ONLY_ACTIVE_ARCH = YES;
				SDKROOT = iphoneos;
				TARGETED_DEVICE_FAMILY = "1,2";
			};
			name = Debug;
		};
		7A6E89B11F02AC6700669ADC /* Release */ = {
			isa = XCBuildConfiguration;
			buildSettings = {
				ALWAYS_SEARCH_USER_PATHS = NO;
				CLANG_ANALYZER_NONNULL = YES;
				CLANG_ANALYZER_NUMBER_OBJECT_CONVERSION = YES_AGGRESSIVE;
				CLANG_CXX_LANGUAGE_STANDARD = "gnu++0x";
				CLANG_CXX_LIBRARY = "libc++";
				CLANG_ENABLE_MODULES = YES;
				CLANG_ENABLE_OBJC_ARC = YES;
				CLANG_WARN_BOOL_CONVERSION = YES;
				CLANG_WARN_CONSTANT_CONVERSION = YES;
				CLANG_WARN_DIRECT_OBJC_ISA_USAGE = YES_ERROR;
				CLANG_WARN_DOCUMENTATION_COMMENTS = YES;
				CLANG_WARN_EMPTY_BODY = YES;
				CLANG_WARN_ENUM_CONVERSION = YES;
				CLANG_WARN_INFINITE_RECURSION = YES;
				CLANG_WARN_INT_CONVERSION = YES;
				CLANG_WARN_OBJC_ROOT_CLASS = YES_ERROR;
				CLANG_WARN_SUSPICIOUS_MOVE = YES;
				CLANG_WARN_UNREACHABLE_CODE = YES;
				CLANG_WARN__DUPLICATE_METHOD_MATCH = YES;
				"CODE_SIGN_IDENTITY[sdk=iphoneos*]" = "iPhone Developer";
				COPY_PHASE_STRIP = NO;
				DEBUG_INFORMATION_FORMAT = "dwarf-with-dsym";
				ENABLE_NS_ASSERTIONS = NO;
				ENABLE_STRICT_OBJC_MSGSEND = YES;
				GCC_C_LANGUAGE_STANDARD = gnu99;
				GCC_NO_COMMON_BLOCKS = YES;
				GCC_WARN_64_TO_32_BIT_CONVERSION = YES;
				GCC_WARN_ABOUT_RETURN_TYPE = YES_ERROR;
				GCC_WARN_UNDECLARED_SELECTOR = YES;
				GCC_WARN_UNINITIALIZED_AUTOS = YES_AGGRESSIVE;
				GCC_WARN_UNUSED_FUNCTION = YES;
				GCC_WARN_UNUSED_VARIABLE = YES;
				IPHONEOS_DEPLOYMENT_TARGET = 10.3;
				MTL_ENABLE_DEBUG_INFO = NO;
				SDKROOT = iphoneos;
				TARGETED_DEVICE_FAMILY = "1,2";
				VALIDATE_PRODUCT = YES;
			};
			name = Release;
		};
		7A6E89B31F02AC6700669ADC /* Debug */ = {
			isa = XCBuildConfiguration;
			buildSettings = {
				ASSETCATALOG_COMPILER_APPICON_NAME = "iMessage App Icon";
				DEVELOPMENT_TEAM = LR48R4SFC7;
				INFOPLIST_FILE = StickerPackExtension/Info.plist;
				PRODUCT_BUNDLE_IDENTIFIER = "com.naveennaidu.iOS-StickerPack.StickerPackExtension";
				PRODUCT_NAME = "$(TARGET_NAME)";
				SKIP_INSTALL = YES;
			};
			name = Debug;
		};
		7A6E89B41F02AC6700669ADC /* Release */ = {
			isa = XCBuildConfiguration;
			buildSettings = {
				ASSETCATALOG_COMPILER_APPICON_NAME = "iMessage App Icon";
				DEVELOPMENT_TEAM = LR48R4SFC7;
				INFOPLIST_FILE = StickerPackExtension/Info.plist;
				PRODUCT_BUNDLE_IDENTIFIER = "com.naveennaidu.iOS-StickerPack.StickerPackExtension";
				PRODUCT_NAME = "$(TARGET_NAME)";
				SKIP_INSTALL = YES;
			};
			name = Release;
		};
		7A6E89B71F02AC6700669ADC /* Debug */ = {
			isa = XCBuildConfiguration;
			buildSettings = {
				ASSETCATALOG_COMPILER_APPICON_NAME = "iMessage App Icon";
				DEVELOPMENT_TEAM = LR48R4SFC7;
				INFOPLIST_FILE = "iOS-StickerPack/Info.plist";
				PRODUCT_BUNDLE_IDENTIFIER = "com.naveennaidu.iOS-StickerPack";
				PRODUCT_NAME = "$(TARGET_NAME)";
			};
			name = Debug;
		};
		7A6E89B81F02AC6700669ADC /* Release */ = {
			isa = XCBuildConfiguration;
			buildSettings = {
				ASSETCATALOG_COMPILER_APPICON_NAME = "iMessage App Icon";
				DEVELOPMENT_TEAM = LR48R4SFC7;
				INFOPLIST_FILE = "iOS-StickerPack/Info.plist";
				PRODUCT_BUNDLE_IDENTIFIER = "com.naveennaidu.iOS-StickerPack";
				PRODUCT_NAME = "$(TARGET_NAME)";
			};
			name = Release;
		};
/* End XCBuildConfiguration section */

/* Begin XCConfigurationList section */
		7A6E89A21F02AC6700669ADC /* Build configuration list for PBXProject "iOS-StickerPack" */ = {
			isa = XCConfigurationList;
			buildConfigurations = (
				7A6E89B01F02AC6700669ADC /* Debug */,
				7A6E89B11F02AC6700669ADC /* Release */,
			);
			defaultConfigurationIsVisible = 0;
			defaultConfigurationName = Release;
		};
		7A6E89B21F02AC6700669ADC /* Build configuration list for PBXNativeTarget "StickerPackExtension" */ = {
			isa = XCConfigurationList;
			buildConfigurations = (
				7A6E89B31F02AC6700669ADC /* Debug */,
				7A6E89B41F02AC6700669ADC /* Release */,
			);
			defaultConfigurationIsVisible = 0;
		};
		7A6E89B61F02AC6700669ADC /* Build configuration list for PBXNativeTarget "iOS-StickerPack" */ = {
			isa = XCConfigurationList;
			buildConfigurations = (
				7A6E89B71F02AC6700669ADC /* Debug */,
				7A6E89B81F02AC6700669ADC /* Release */,
			);
			defaultConfigurationIsVisible = 0;
		};
/* End XCConfigurationList section */
	};
	rootObject = 7A6E899F1F02AC6700669ADC /* Project object */;
}
